// !$*UTF8*$!
{
	archiveVersion = 1;
	classes = {
	};
	objectVersion = 46;
	objects = {

/* Begin PBXBuildFile section */
		BCE3D7921BEA49E20003D6F7 /* 1.mp4 in Resources */ = {isa = PBXBuildFile; fileRef = BCE3D7911BEA49E20003D6F7 /* 1.mp4 */; };
		BCE4BF001BDF69BB0098DD26 /* main.m in Sources */ = {isa = PBXBuildFile; fileRef = BCE4BEFF1BDF69BB0098DD26 /* main.m */; };
		BCE4BF031BDF69BB0098DD26 /* AppDelegate.m in Sources */ = {isa = PBXBuildFile; fileRef = BCE4BF021BDF69BB0098DD26 /* AppDelegate.m */; };
		BCE4BF051BDF69BC0098DD26 /* Images.xcassets in Resources */ = {isa = PBXBuildFile; fileRef = BCE4BF041BDF69BC0098DD26 /* Images.xcassets */; };
		BCE4BF081BDF69BC0098DD26 /* LaunchScreen.xib in Resources */ = {isa = PBXBuildFile; fileRef = BCE4BF061BDF69BC0098DD26 /* LaunchScreen.xib */; };
		BCE4BF141BDF69BC0098DD26 /* CustomVideoTests.m in Sources */ = {isa = PBXBuildFile; fileRef = BCE4BF131BDF69BC0098DD26 /* CustomVideoTests.m */; };
		BCE4BF261BDF6A920098DD26 /* FMGAVPlayer.bundle in Resources */ = {isa = PBXBuildFile; fileRef = BCE4BF1E1BDF6A920098DD26 /* FMGAVPlayer.bundle */; };
		BCE4BF271BDF6A920098DD26 /* FMGVideoPlayView.m in Sources */ = {isa = PBXBuildFile; fileRef = BCE4BF201BDF6A920098DD26 /* FMGVideoPlayView.m */; };
		BCE4BF281BDF6A920098DD26 /* FMGVideoPlayView.xib in Resources */ = {isa = PBXBuildFile; fileRef = BCE4BF211BDF6A920098DD26 /* FMGVideoPlayView.xib */; };
		BCE4BF291BDF6A920098DD26 /* FullView.m in Sources */ = {isa = PBXBuildFile; fileRef = BCE4BF231BDF6A920098DD26 /* FullView.m */; };
		BCE4BF2A1BDF6A920098DD26 /* FullViewController.m in Sources */ = {isa = PBXBuildFile; fileRef = BCE4BF251BDF6A920098DD26 /* FullViewController.m */; };
		BCE4BF341BDF6AA80098DD26 /* BaseViewController.m in Sources */ = {isa = PBXBuildFile; fileRef = BCE4BF2D1BDF6AA80098DD26 /* BaseViewController.m */; };
		BCE4BF351BDF6AA80098DD26 /* Factory.m in Sources */ = {isa = PBXBuildFile; fileRef = BCE4BF2F1BDF6AA80098DD26 /* Factory.m */; };
		BCE4BF361BDF6AA80098DD26 /* UIView+Addition.m in Sources */ = {isa = PBXBuildFile; fileRef = BCE4BF331BDF6AA80098DD26 /* UIView+Addition.m */; };
		BCE4BF391BDF6AE20098DD26 /* RootViewController.m in Sources */ = {isa = PBXBuildFile; fileRef = BCE4BF381BDF6AE20098DD26 /* RootViewController.m */; };
		BCE4BF511BDF77020098DD26 /* bg_media_default@2x.jpg in Resources */ = {isa = PBXBuildFile; fileRef = BCE4BF3B1BDF77020098DD26 /* bg_media_default@2x.jpg */; };
		BCE4BF521BDF77020098DD26 /* fast_back.png in Resources */ = {isa = PBXBuildFile; fileRef = BCE4BF3C1BDF77020098DD26 /* fast_back.png */; };
		BCE4BF531BDF77020098DD26 /* fast_forward.png in Resources */ = {isa = PBXBuildFile; fileRef = BCE4BF3D1BDF77020098DD26 /* fast_forward.png */; };
		BCE4BF541BDF77020098DD26 /* full_minimize_btn@2x.png in Resources */ = {isa = PBXBuildFile; fileRef = BCE4BF3E1BDF77020098DD26 /* full_minimize_btn@2x.png */; };
		BCE4BF551BDF77020098DD26 /* full_minimize_btn@3x.png in Resources */ = {isa = PBXBuildFile; fileRef = BCE4BF3F1BDF77020098DD26 /* full_minimize_btn@3x.png */; };
		BCE4BF561BDF77020098DD26 /* full_minimize_btn_hl@2x.png in Resources */ = {isa = PBXBuildFile; fileRef = BCE4BF401BDF77020098DD26 /* full_minimize_btn_hl@2x.png */; };
		BCE4BF571BDF77020098DD26 /* full_minimize_btn_hl@3x.png in Resources */ = {isa = PBXBuildFile; fileRef = BCE4BF411BDF77020098DD26 /* full_minimize_btn_hl@3x.png */; };
		BCE4BF581BDF77020098DD26 /* full_pause_btn@2x.png in Resources */ = {isa = PBXBuildFile; fileRef = BCE4BF421BDF77020098DD26 /* full_pause_btn@2x.png */; };
		BCE4BF591BDF77020098DD26 /* full_pause_btn@3x.png in Resources */ = {isa = PBXBuildFile; fileRef = BCE4BF431BDF77020098DD26 /* full_pause_btn@3x.png */; };
		BCE4BF5A1BDF77020098DD26 /* full_pause_btn_hl@2x.png in Resources */ = {isa = PBXBuildFile; fileRef = BCE4BF441BDF77020098DD26 /* full_pause_btn_hl@2x.png */; };
		BCE4BF5B1BDF77020098DD26 /* full_pause_btn_hl@3x.png in Resources */ = {isa = PBXBuildFile; fileRef = BCE4BF451BDF77020098DD26 /* full_pause_btn_hl@3x.png */; };
		BCE4BF5C1BDF77020098DD26 /* full_play_btn@2x.png in Resources */ = {isa = PBXBuildFile; fileRef = BCE4BF461BDF77020098DD26 /* full_play_btn@2x.png */; };
		BCE4BF5D1BDF77020098DD26 /* full_play_btn@3x.png in Resources */ = {isa = PBXBuildFile; fileRef = BCE4BF471BDF77020098DD26 /* full_play_btn@3x.png */; };
		BCE4BF5E1BDF77020098DD26 /* full_play_btn_hl@2x.png in Resources */ = {isa = PBXBuildFile; fileRef = BCE4BF481BDF77020098DD26 /* full_play_btn_hl@2x.png */; };
		BCE4BF5F1BDF77020098DD26 /* full_play_btn_hl@3x.png in Resources */ = {isa = PBXBuildFile; fileRef = BCE4BF491BDF77020098DD26 /* full_play_btn_hl@3x.png */; };
		BCE4BF601BDF77020098DD26 /* MaximumTrackImage@2x.png in Resources */ = {isa = PBXBuildFile; fileRef = BCE4BF4A1BDF77020098DD26 /* MaximumTrackImage@2x.png */; };
		BCE4BF611BDF77020098DD26 /* mini_launchFullScreen_btn@2x.png in Resources */ = {isa = PBXBuildFile; fileRef = BCE4BF4B1BDF77020098DD26 /* mini_launchFullScreen_btn@2x.png */; };
		BCE4BF621BDF77020098DD26 /* mini_launchFullScreen_btn@3x.png in Resources */ = {isa = PBXBuildFile; fileRef = BCE4BF4C1BDF77020098DD26 /* mini_launchFullScreen_btn@3x.png */; };
		BCE4BF631BDF77020098DD26 /* mini_launchFullScreen_btn_hl@2x.png in Resources */ = {isa = PBXBuildFile; fileRef = BCE4BF4D1BDF77020098DD26 /* mini_launchFullScreen_btn_hl@2x.png */; };
		BCE4BF641BDF77020098DD26 /* mini_launchFullScreen_btn_hl@3x.png in Resources */ = {isa = PBXBuildFile; fileRef = BCE4BF4E1BDF77020098DD26 /* mini_launchFullScreen_btn_hl@3x.png */; };
		BCE4BF651BDF77020098DD26 /* MinimumTrackImage@2x.png in Resources */ = {isa = PBXBuildFile; fileRef = BCE4BF4F1BDF77020098DD26 /* MinimumTrackImage@2x.png */; };
		BCE4BF661BDF77020098DD26 /* thumbImage@2x.png in Resources */ = {isa = PBXBuildFile; fileRef = BCE4BF501BDF77020098DD26 /* thumbImage@2x.png */; };
/* End PBXBuildFile section */

/* Begin PBXContainerItemProxy section */
		BCE4BF0E1BDF69BC0098DD26 /* PBXContainerItemProxy */ = {
			isa = PBXContainerItemProxy;
			containerPortal = BCE4BEF21BDF69BB0098DD26 /* Project object */;
			proxyType = 1;
			remoteGlobalIDString = BCE4BEF91BDF69BB0098DD26;
			remoteInfo = CustomVideo;
		};
/* End PBXContainerItemProxy section */

/* Begin PBXFileReference section */
		BCE3D7911BEA49E20003D6F7 /* 1.mp4 */ = {isa = PBXFileReference; lastKnownFileType = file; path = 1.mp4; sourceTree = "<group>"; };
		BCE4BEFA1BDF69BB0098DD26 /* CustomVideo.app */ = {isa = PBXFileReference; explicitFileType = wrapper.application; includeInIndex = 0; path = CustomVideo.app; sourceTree = BUILT_PRODUCTS_DIR; };
		BCE4BEFE1BDF69BB0098DD26 /* Info.plist */ = {isa = PBXFileReference; lastKnownFileType = text.plist.xml; path = Info.plist; sourceTree = "<group>"; };
		BCE4BEFF1BDF69BB0098DD26 /* main.m */ = {isa = PBXFileReference; lastKnownFileType = sourcecode.c.objc; path = main.m; sourceTree = "<group>"; };
		BCE4BF011BDF69BB0098DD26 /* AppDelegate.h */ = {isa = PBXFileReference; lastKnownFileType = sourcecode.c.h; path = AppDelegate.h; sourceTree = "<group>"; };
		BCE4BF021BDF69BB0098DD26 /* AppDelegate.m */ = {isa = PBXFileReference; lastKnownFileType = sourcecode.c.objc; path = AppDelegate.m; sourceTree = "<group>"; };
		BCE4BF041BDF69BC0098DD26 /* Images.xcassets */ = {isa = PBXFileReference; lastKnownFileType = folder.assetcatalog; path = Images.xcassets; sourceTree = "<group>"; };
		BCE4BF071BDF69BC0098DD26 /* Base */ = {isa = PBXFileReference; lastKnownFileType = file.xib; name = Base; path = Base.lproj/LaunchScreen.xib; sourceTree = "<group>"; };
		BCE4BF0D1BDF69BC0098DD26 /* CustomVideoTests.xctest */ = {isa = PBXFileReference; explicitFileType = wrapper.cfbundle; includeInIndex = 0; path = CustomVideoTests.xctest; sourceTree = BUILT_PRODUCTS_DIR; };
		BCE4BF121BDF69BC0098DD26 /* Info.plist */ = {isa = PBXFileReference; lastKnownFileType = text.plist.xml; path = Info.plist; sourceTree = "<group>"; };
		BCE4BF131BDF69BC0098DD26 /* CustomVideoTests.m */ = {isa = PBXFileReference; lastKnownFileType = sourcecode.c.objc; path = CustomVideoTests.m; sourceTree = "<group>"; };
		BCE4BF1E1BDF6A920098DD26 /* FMGAVPlayer.bundle */ = {isa = PBXFileReference; lastKnownFileType = "wrapper.plug-in"; path = FMGAVPlayer.bundle; sourceTree = "<group>"; };
		BCE4BF1F1BDF6A920098DD26 /* FMGVideoPlayView.h */ = {isa = PBXFileReference; fileEncoding = 4; lastKnownFileType = sourcecode.c.h; path = FMGVideoPlayView.h; sourceTree = "<group>"; };
		BCE4BF201BDF6A920098DD26 /* FMGVideoPlayView.m */ = {isa = PBXFileReference; fileEncoding = 4; lastKnownFileType = sourcecode.c.objc; path = FMGVideoPlayView.m; sourceTree = "<group>"; };
		BCE4BF211BDF6A920098DD26 /* FMGVideoPlayView.xib */ = {isa = PBXFileReference; fileEncoding = 4; lastKnownFileType = file.xib; path = FMGVideoPlayView.xib; sourceTree = "<group>"; };
		BCE4BF221BDF6A920098DD26 /* FullView.h */ = {isa = PBXFileReference; fileEncoding = 4; lastKnownFileType = sourcecode.c.h; path = FullView.h; sourceTree = "<group>"; };
		BCE4BF231BDF6A920098DD26 /* FullView.m */ = {isa = PBXFileReference; fileEncoding = 4; lastKnownFileType = sourcecode.c.objc; path = FullView.m; sourceTree = "<group>"; };
		BCE4BF241BDF6A920098DD26 /* FullViewController.h */ = {isa = PBXFileReference; fileEncoding = 4; lastKnownFileType = sourcecode.c.h; path = FullViewController.h; sourceTree = "<group>"; };
		BCE4BF251BDF6A920098DD26 /* FullViewController.m */ = {isa = PBXFileReference; fileEncoding = 4; lastKnownFileType = sourcecode.c.objc; path = FullViewController.m; sourceTree = "<group>"; };
		BCE4BF2C1BDF6AA80098DD26 /* BaseViewController.h */ = {isa = PBXFileReference; fileEncoding = 4; lastKnownFileType = sourcecode.c.h; path = BaseViewController.h; sourceTree = "<group>"; };
		BCE4BF2D1BDF6AA80098DD26 /* BaseViewController.m */ = {isa = PBXFileReference; fileEncoding = 4; lastKnownFileType = sourcecode.c.objc; path = BaseViewController.m; sourceTree = "<group>"; };
		BCE4BF2E1BDF6AA80098DD26 /* Factory.h */ = {isa = PBXFileReference; fileEncoding = 4; lastKnownFileType = sourcecode.c.h; path = Factory.h; sourceTree = "<group>"; };
		BCE4BF2F1BDF6AA80098DD26 /* Factory.m */ = {isa = PBXFileReference; fileEncoding = 4; lastKnownFileType = sourcecode.c.objc; path = Factory.m; sourceTree = "<group>"; };
		BCE4BF301BDF6AA80098DD26 /* HelperPrefixHeader.pch */ = {isa = PBXFileReference; fileEncoding = 4; lastKnownFileType = sourcecode.c.h; path = HelperPrefixHeader.pch; sourceTree = "<group>"; };
		BCE4BF311BDF6AA80098DD26 /* MyHelper.h */ = {isa = PBXFileReference; fileEncoding = 4; lastKnownFileType = sourcecode.c.h; path = MyHelper.h; sourceTree = "<group>"; };
		BCE4BF321BDF6AA80098DD26 /* UIView+Addition.h */ = {isa = PBXFileReference; fileEncoding = 4; lastKnownFileType = sourcecode.c.h; path = "UIView+Addition.h"; sourceTree = "<group>"; };
		BCE4BF331BDF6AA80098DD26 /* UIView+Addition.m */ = {isa = PBXFileReference; fileEncoding = 4; lastKnownFileType = sourcecode.c.objc; path = "UIView+Addition.m"; sourceTree = "<group>"; };
		BCE4BF371BDF6AE20098DD26 /* RootViewController.h */ = {isa = PBXFileReference; fileEncoding = 4; lastKnownFileType = sourcecode.c.h; path = RootViewController.h; sourceTree = "<group>"; };
		BCE4BF381BDF6AE20098DD26 /* RootViewController.m */ = {isa = PBXFileReference; fileEncoding = 4; lastKnownFileType = sourcecode.c.objc; path = RootViewController.m; sourceTree = "<group>"; };
		BCE4BF3B1BDF77020098DD26 /* bg_media_default@2x.jpg */ = {isa = PBXFileReference; lastKnownFileType = image.jpeg; path = "bg_media_default@2x.jpg"; sourceTree = "<group>"; };
		BCE4BF3C1BDF77020098DD26 /* fast_back.png */ = {isa = PBXFileReference; lastKnownFileType = image.png; path = fast_back.png; sourceTree = "<group>"; };
		BCE4BF3D1BDF77020098DD26 /* fast_forward.png */ = {isa = PBXFileReference; lastKnownFileType = image.png; path = fast_forward.png; sourceTree = "<group>"; };
		BCE4BF3E1BDF77020098DD26 /* full_minimize_btn@2x.png */ = {isa = PBXFileReference; lastKnownFileType = image.png; path = "full_minimize_btn@2x.png"; sourceTree = "<group>"; };
		BCE4BF3F1BDF77020098DD26 /* full_minimize_btn@3x.png */ = {isa = PBXFileReference; lastKnownFileType = image.png; path = "full_minimize_btn@3x.png"; sourceTree = "<group>"; };
		BCE4BF401BDF77020098DD26 /* full_minimize_btn_hl@2x.png */ = {isa = PBXFileReference; lastKnownFileType = image.png; path = "full_minimize_btn_hl@2x.png"; sourceTree = "<group>"; };
		BCE4BF411BDF77020098DD26 /* full_minimize_btn_hl@3x.png */ = {isa = PBXFileReference; lastKnownFileType = image.png; path = "full_minimize_btn_hl@3x.png"; sourceTree = "<group>"; };
		BCE4BF421BDF77020098DD26 /* full_pause_btn@2x.png */ = {isa = PBXFileReference; lastKnownFileType = image.png; path = "full_pause_btn@2x.png"; sourceTree = "<group>"; };
		BCE4BF431BDF77020098DD26 /* full_pause_btn@3x.png */ = {isa = PBXFileReference; lastKnownFileType = image.png; path = "full_pause_btn@3x.png"; sourceTree = "<group>"; };
		BCE4BF441BDF77020098DD26 /* full_pause_btn_hl@2x.png */ = {isa = PBXFileReference; lastKnownFileType = image.png; path = "full_pause_btn_hl@2x.png"; sourceTree = "<group>"; };
		BCE4BF451BDF77020098DD26 /* full_pause_btn_hl@3x.png */ = {isa = PBXFileReference; lastKnownFileType = image.png; path = "full_pause_btn_hl@3x.png"; sourceTree = "<group>"; };
		BCE4BF461BDF77020098DD26 /* full_play_btn@2x.png */ = {isa = PBXFileReference; lastKnownFileType = image.png; path = "full_play_btn@2x.png"; sourceTree = "<group>"; };
		BCE4BF471BDF77020098DD26 /* full_play_btn@3x.png */ = {isa = PBXFileReference; lastKnownFileType = image.png; path = "full_play_btn@3x.png"; sourceTree = "<group>"; };
		BCE4BF481BDF77020098DD26 /* full_play_btn_hl@2x.png */ = {isa = PBXFileReference; lastKnownFileType = image.png; path = "full_play_btn_hl@2x.png"; sourceTree = "<group>"; };
		BCE4BF491BDF77020098DD26 /* full_play_btn_hl@3x.png */ = {isa = PBXFileReference; lastKnownFileType = image.png; path = "full_play_btn_hl@3x.png"; sourceTree = "<group>"; };
		BCE4BF4A1BDF77020098DD26 /* MaximumTrackImage@2x.png */ = {isa = PBXFileReference; lastKnownFileType = image.png; path = "MaximumTrackImage@2x.png"; sourceTree = "<group>"; };
		BCE4BF4B1BDF77020098DD26 /* mini_launchFullScreen_btn@2x.png */ = {isa = PBXFileReference; lastKnownFileType = image.png; path = "mini_launchFullScreen_btn@2x.png"; sourceTree = "<group>"; };
		BCE4BF4C1BDF77020098DD26 /* mini_launchFullScreen_btn@3x.png */ = {isa = PBXFileReference; lastKnownFileType = image.png; path = "mini_launchFullScreen_btn@3x.png"; sourceTree = "<group>"; };
		BCE4BF4D1BDF77020098DD26 /* mini_launchFullScreen_btn_hl@2x.png */ = {isa = PBXFileReference; lastKnownFileType = image.png; path = "mini_launchFullScreen_btn_hl@2x.png"; sourceTree = "<group>"; };
		BCE4BF4E1BDF77020098DD26 /* mini_launchFullScreen_btn_hl@3x.png */ = {isa = PBXFileReference; lastKnownFileType = image.png; path = "mini_launchFullScreen_btn_hl@3x.png"; sourceTree = "<group>"; };
		BCE4BF4F1BDF77020098DD26 /* MinimumTrackImage@2x.png */ = {isa = PBXFileReference; lastKnownFileType = image.png; path = "MinimumTrackImage@2x.png"; sourceTree = "<group>"; };
		BCE4BF501BDF77020098DD26 /* thumbImage@2x.png */ = {isa = PBXFileReference; lastKnownFileType = image.png; path = "thumbImage@2x.png"; sourceTree = "<group>"; };
/* End PBXFileReference section */

/* Begin PBXFrameworksBuildPhase section */
		BCE4BEF71BDF69BB0098DD26 /* Frameworks */ = {
			isa = PBXFrameworksBuildPhase;
			buildActionMask = 2147483647;
			files = (
			);
			runOnlyForDeploymentPostprocessing = 0;
		};
		BCE4BF0A1BDF69BC0098DD26 /* Frameworks */ = {
			isa = PBXFrameworksBuildPhase;
			buildActionMask = 2147483647;
			files = (
			);
			runOnlyForDeploymentPostprocessing = 0;
		};
/* End PBXFrameworksBuildPhase section */

/* Begin PBXGroup section */
		BCE4BEF11BDF69BB0098DD26 = {
			isa = PBXGroup;
			children = (
				BCE4BEFC1BDF69BB0098DD26 /* CustomVideo */,
				BCE4BF101BDF69BC0098DD26 /* CustomVideoTests */,
				BCE4BEFB1BDF69BB0098DD26 /* Products */,
			);
			sourceTree = "<group>";
		};
		BCE4BEFB1BDF69BB0098DD26 /* Products */ = {
			isa = PBXGroup;
			children = (
				BCE4BEFA1BDF69BB0098DD26 /* CustomVideo.app */,
				BCE4BF0D1BDF69BC0098DD26 /* CustomVideoTests.xctest */,
			);
			name = Products;
			sourceTree = "<group>";
		};
		BCE4BEFC1BDF69BB0098DD26 /* CustomVideo */ = {
			isa = PBXGroup;
			children = (
				BCE3D7911BEA49E20003D6F7 /* 1.mp4 */,
				BCE4BF011BDF69BB0098DD26 /* AppDelegate.h */,
				BCE4BF021BDF69BB0098DD26 /* AppDelegate.m */,
				BCE4BF371BDF6AE20098DD26 /* RootViewController.h */,
				BCE4BF381BDF6AE20098DD26 /* RootViewController.m */,
				BCE4BF3A1BDF77020098DD26 /* 视频播放图标 */,
				BCE4BF2B1BDF6AA80098DD26 /* Helper */,
				BCE4BF1D1BDF6A920098DD26 /* FMGAVPlayer */,
				BCE4BF041BDF69BC0098DD26 /* Images.xcassets */,
				BCE4BF061BDF69BC0098DD26 /* LaunchScreen.xib */,
				BCE4BEFD1BDF69BB0098DD26 /* Supporting Files */,
			);
			path = CustomVideo;
			sourceTree = "<group>";
		};
		BCE4BEFD1BDF69BB0098DD26 /* Supporting Files */ = {
			isa = PBXGroup;
			children = (
				BCE4BEFE1BDF69BB0098DD26 /* Info.plist */,
				BCE4BEFF1BDF69BB0098DD26 /* main.m */,
			);
			name = "Supporting Files";
			sourceTree = "<group>";
		};
		BCE4BF101BDF69BC0098DD26 /* CustomVideoTests */ = {
			isa = PBXGroup;
			children = (
				BCE4BF131BDF69BC0098DD26 /* CustomVideoTests.m */,
				BCE4BF111BDF69BC0098DD26 /* Supporting Files */,
			);
			path = CustomVideoTests;
			sourceTree = "<group>";
		};
		BCE4BF111BDF69BC0098DD26 /* Supporting Files */ = {
			isa = PBXGroup;
			children = (
				BCE4BF121BDF69BC0098DD26 /* Info.plist */,
			);
			name = "Supporting Files";
			sourceTree = "<group>";
		};
		BCE4BF1D1BDF6A920098DD26 /* FMGAVPlayer */ = {
			isa = PBXGroup;
			children = (
				BCE4BF1E1BDF6A920098DD26 /* FMGAVPlayer.bundle */,
				BCE4BF1F1BDF6A920098DD26 /* FMGVideoPlayView.h */,
				BCE4BF201BDF6A920098DD26 /* FMGVideoPlayView.m */,
				BCE4BF211BDF6A920098DD26 /* FMGVideoPlayView.xib */,
				BCE4BF221BDF6A920098DD26 /* FullView.h */,
				BCE4BF231BDF6A920098DD26 /* FullView.m */,
				BCE4BF241BDF6A920098DD26 /* FullViewController.h */,
				BCE4BF251BDF6A920098DD26 /* FullViewController.m */,
			);
			path = FMGAVPlayer;
			sourceTree = "<group>";
		};
		BCE4BF2B1BDF6AA80098DD26 /* Helper */ = {
			isa = PBXGroup;
			children = (
				BCE4BF2C1BDF6AA80098DD26 /* BaseViewController.h */,
				BCE4BF2D1BDF6AA80098DD26 /* BaseViewController.m */,
				BCE4BF2E1BDF6AA80098DD26 /* Factory.h */,
				BCE4BF2F1BDF6AA80098DD26 /* Factory.m */,
				BCE4BF301BDF6AA80098DD26 /* HelperPrefixHeader.pch */,
				BCE4BF311BDF6AA80098DD26 /* MyHelper.h */,
				BCE4BF321BDF6AA80098DD26 /* UIView+Addition.h */,
				BCE4BF331BDF6AA80098DD26 /* UIView+Addition.m */,
			);
			path = Helper;
			sourceTree = "<group>";
		};
		BCE4BF3A1BDF77020098DD26 /* 视频播放图标 */ = {
			isa = PBXGroup;
			children = (
				BCE4BF3B1BDF77020098DD26 /* bg_media_default@2x.jpg */,
				BCE4BF3C1BDF77020098DD26 /* fast_back.png */,
				BCE4BF3D1BDF77020098DD26 /* fast_forward.png */,
				BCE4BF3E1BDF77020098DD26 /* full_minimize_btn@2x.png */,
				BCE4BF3F1BDF77020098DD26 /* full_minimize_btn@3x.png */,
				BCE4BF401BDF77020098DD26 /* full_minimize_btn_hl@2x.png */,
				BCE4BF411BDF77020098DD26 /* full_minimize_btn_hl@3x.png */,
				BCE4BF421BDF77020098DD26 /* full_pause_btn@2x.png */,
				BCE4BF431BDF77020098DD26 /* full_pause_btn@3x.png */,
				BCE4BF441BDF77020098DD26 /* full_pause_btn_hl@2x.png */,
				BCE4BF451BDF77020098DD26 /* full_pause_btn_hl@3x.png */,
				BCE4BF461BDF77020098DD26 /* full_play_btn@2x.png */,
				BCE4BF471BDF77020098DD26 /* full_play_btn@3x.png */,
				BCE4BF481BDF77020098DD26 /* full_play_btn_hl@2x.png */,
				BCE4BF491BDF77020098DD26 /* full_play_btn_hl@3x.png */,
				BCE4BF4A1BDF77020098DD26 /* MaximumTrackImage@2x.png */,
				BCE4BF4B1BDF77020098DD26 /* mini_launchFullScreen_btn@2x.png */,
				BCE4BF4C1BDF77020098DD26 /* mini_launchFullScreen_btn@3x.png */,
				BCE4BF4D1BDF77020098DD26 /* mini_launchFullScreen_btn_hl@2x.png */,
				BCE4BF4E1BDF77020098DD26 /* mini_launchFullScreen_btn_hl@3x.png */,
				BCE4BF4F1BDF77020098DD26 /* MinimumTrackImage@2x.png */,
				BCE4BF501BDF77020098DD26 /* thumbImage@2x.png */,
			);
			path = "视频播放图标";
			sourceTree = "<group>";
		};
/* End PBXGroup section */

/* Begin PBXNativeTarget section */
		BCE4BEF91BDF69BB0098DD26 /* CustomVideo */ = {
			isa = PBXNativeTarget;
			buildConfigurationList = BCE4BF171BDF69BC0098DD26 /* Build configuration list for PBXNativeTarget "CustomVideo" */;
			buildPhases = (
				BCE4BEF61BDF69BB0098DD26 /* Sources */,
				BCE4BEF71BDF69BB0098DD26 /* Frameworks */,
				BCE4BEF81BDF69BB0098DD26 /* Resources */,
			);
			buildRules = (
			);
			dependencies = (
			);
			name = CustomVideo;
			productName = CustomVideo;
			productReference = BCE4BEFA1BDF69BB0098DD26 /* CustomVideo.app */;
			productType = "com.apple.product-type.application";
		};
		BCE4BF0C1BDF69BC0098DD26 /* CustomVideoTests */ = {
			isa = PBXNativeTarget;
			buildConfigurationList = BCE4BF1A1BDF69BC0098DD26 /* Build configuration list for PBXNativeTarget "CustomVideoTests" */;
			buildPhases = (
				BCE4BF091BDF69BC0098DD26 /* Sources */,
				BCE4BF0A1BDF69BC0098DD26 /* Frameworks */,
				BCE4BF0B1BDF69BC0098DD26 /* Resources */,
			);
			buildRules = (
			);
			dependencies = (
				BCE4BF0F1BDF69BC0098DD26 /* PBXTargetDependency */,
			);
			name = CustomVideoTests;
			productName = CustomVideoTests;
			productReference = BCE4BF0D1BDF69BC0098DD26 /* CustomVideoTests.xctest */;
			productType = "com.apple.product-type.bundle.unit-test";
		};
/* End PBXNativeTarget section */

/* Begin PBXProject section */
		BCE4BEF21BDF69BB0098DD26 /* Project object */ = {
			isa = PBXProject;
			attributes = {
				LastUpgradeCheck = 0640;
				ORGANIZATIONNAME = KaiQiangDong;
				TargetAttributes = {
					BCE4BEF91BDF69BB0098DD26 = {
						CreatedOnToolsVersion = 6.4;
					};
					BCE4BF0C1BDF69BC0098DD26 = {
						CreatedOnToolsVersion = 6.4;
						TestTargetID = BCE4BEF91BDF69BB0098DD26;
					};
				};
			};
			buildConfigurationList = BCE4BEF51BDF69BB0098DD26 /* Build configuration list for PBXProject "CustomVideo" */;
			compatibilityVersion = "Xcode 3.2";
			developmentRegion = English;
			hasScannedForEncodings = 0;
			knownRegions = (
				en,
				Base,
			);
			mainGroup = BCE4BEF11BDF69BB0098DD26;
			productRefGroup = BCE4BEFB1BDF69BB0098DD26 /* Products */;
			projectDirPath = "";
			projectRoot = "";
			targets = (
				BCE4BEF91BDF69BB0098DD26 /* CustomVideo */,
				BCE4BF0C1BDF69BC0098DD26 /* CustomVideoTests */,
			);
		};
/* End PBXProject section */

/* Begin PBXResourcesBuildPhase section */
		BCE4BEF81BDF69BB0098DD26 /* Resources */ = {
			isa = PBXResourcesBuildPhase;
			buildActionMask = 2147483647;
			files = (
				BCE4BF261BDF6A920098DD26 /* FMGAVPlayer.bundle in Resources */,
				BCE4BF641BDF77020098DD26 /* mini_launchFullScreen_btn_hl@3x.png in Resources */,
				BCE4BF5F1BDF77020098DD26 /* full_play_btn_hl@3x.png in Resources */,
				BCE4BF081BDF69BC0098DD26 /* LaunchScreen.xib in Resources */,
				BCE4BF551BDF77020098DD26 /* full_minimize_btn@3x.png in Resources */,
				BCE4BF5B1BDF77020098DD26 /* full_pause_btn_hl@3x.png in Resources */,
				BCE4BF521BDF77020098DD26 /* fast_back.png in Resources */,
				BCE4BF511BDF77020098DD26 /* bg_media_default@2x.jpg in Resources */,
				BCE4BF601BDF77020098DD26 /* MaximumTrackImage@2x.png in Resources */,
				BCE4BF581BDF77020098DD26 /* full_pause_btn@2x.png in Resources */,
				BCE4BF651BDF77020098DD26 /* MinimumTrackImage@2x.png in Resources */,
				BCE4BF571BDF77020098DD26 /* full_minimize_btn_hl@3x.png in Resources */,
				BCE4BF5D1BDF77020098DD26 /* full_play_btn@3x.png in Resources */,
				BCE4BF541BDF77020098DD26 /* full_minimize_btn@2x.png in Resources */,
				BCE4BF561BDF77020098DD26 /* full_minimize_btn_hl@2x.png in Resources */,
				BCE4BF051BDF69BC0098DD26 /* Images.xcassets in Resources */,
				BCE4BF611BDF77020098DD26 /* mini_launchFullScreen_btn@2x.png in Resources */,
				BCE4BF661BDF77020098DD26 /* thumbImage@2x.png in Resources */,
				BCE4BF281BDF6A920098DD26 /* FMGVideoPlayView.xib in Resources */,
				BCE4BF5C1BDF77020098DD26 /* full_play_btn@2x.png in Resources */,
				BCE4BF591BDF77020098DD26 /* full_pause_btn@3x.png in Resources */,
				BCE4BF531BDF77020098DD26 /* fast_forward.png in Resources */,
				BCE4BF5E1BDF77020098DD26 /* full_play_btn_hl@2x.png in Resources */,
				BCE4BF631BDF77020098DD26 /* mini_launchFullScreen_btn_hl@2x.png in Resources */,
				BCE3D7921BEA49E20003D6F7 /* 1.mp4 in Resources */,
				BCE4BF621BDF77020098DD26 /* mini_launchFullScreen_btn@3x.png in Resources */,
				BCE4BF5A1BDF77020098DD26 /* full_pause_btn_hl@2x.png in Resources */,
			);
			runOnlyForDeploymentPostprocessing = 0;
		};
		BCE4BF0B1BDF69BC0098DD26 /* Resources */ = {
			isa = PBXResourcesBuildPhase;
			buildActionMask = 2147483647;
			files = (
			);
			runOnlyForDeploymentPostprocessing = 0;
		};
/* End PBXResourcesBuildPhase section */

/* Begin PBXSourcesBuildPhase section */
		BCE4BEF61BDF69BB0098DD26 /* Sources */ = {
			isa = PBXSourcesBuildPhase;
			buildActionMask = 2147483647;
			files = (
				BCE4BF031BDF69BB0098DD26 /* AppDelegate.m in Sources */,
				BCE4BF341BDF6AA80098DD26 /* BaseViewController.m in Sources */,
				BCE4BF001BDF69BB0098DD26 /* main.m in Sources */,
				BCE4BF271BDF6A920098DD26 /* FMGVideoPlayView.m in Sources */,
				BCE4BF361BDF6AA80098DD26 /* UIView+Addition.m in Sources */,
				BCE4BF391BDF6AE20098DD26 /* RootViewController.m in Sources */,
				BCE4BF291BDF6A920098DD26 /* FullView.m in Sources */,
				BCE4BF2A1BDF6A920098DD26 /* FullViewController.m in Sources */,
				BCE4BF351BDF6AA80098DD26 /* Factory.m in Sources */,
			);
			runOnlyForDeploymentPostprocessing = 0;
		};
		BCE4BF091BDF69BC0098DD26 /* Sources */ = {
			isa = PBXSourcesBuildPhase;
			buildActionMask = 2147483647;
			files = (
				BCE4BF141BDF69BC0098DD26 /* CustomVideoTests.m in Sources */,
			);
			runOnlyForDeploymentPostprocessing = 0;
		};
/* End PBXSourcesBuildPhase section */

/* Begin PBXTargetDependency section */
		BCE4BF0F1BDF69BC0098DD26 /* PBXTargetDependency */ = {
			isa = PBXTargetDependency;
			target = BCE4BEF91BDF69BB0098DD26 /* CustomVideo */;
			targetProxy = BCE4BF0E1BDF69BC0098DD26 /* PBXContainerItemProxy */;
		};
/* End PBXTargetDependency section */

/* Begin PBXVariantGroup section */
		BCE4BF061BDF69BC0098DD26 /* LaunchScreen.xib */ = {
			isa = PBXVariantGroup;
			children = (
				BCE4BF071BDF69BC0098DD26 /* Base */,
			);
			name = LaunchScreen.xib;
			sourceTree = "<group>";
		};
/* End PBXVariantGroup section */

/* Begin XCBuildConfiguration section */
		BCE4BF151BDF69BC0098DD26 /* Debug */ = {
			isa = XCBuildConfiguration;
			buildSettings = {
				ALWAYS_SEARCH_USER_PATHS = NO;
				CLANG_CXX_LANGUAGE_STANDARD = "gnu++0x";
				CLANG_CXX_LIBRARY = "libc++";
				CLANG_ENABLE_MODULES = YES;
				CLANG_ENABLE_OBJC_ARC = YES;
				CLANG_WARN_BOOL_CONVERSION = YES;
				CLANG_WARN_CONSTANT_CONVERSION = YES;
				CLANG_WARN_DIRECT_OBJC_ISA_USAGE = YES_ERROR;
				CLANG_WARN_EMPTY_BODY = YES;
				CLANG_WARN_ENUM_CONVERSION = YES;
				CLANG_WARN_INT_CONVERSION = YES;
				CLANG_WARN_OBJC_ROOT_CLASS = YES_ERROR;
				CLANG_WARN_UNREACHABLE_CODE = YES;
				CLANG_WARN__DUPLICATE_METHOD_MATCH = YES;
				"CODE_SIGN_IDENTITY[sdk=iphoneos*]" = "iPhone Developer";
				COPY_PHASE_STRIP = NO;
				DEBUG_INFORMATION_FORMAT = "dwarf-with-dsym";
				ENABLE_STRICT_OBJC_MSGSEND = YES;
				GCC_C_LANGUAGE_STANDARD = gnu99;
				GCC_DYNAMIC_NO_PIC = NO;
				GCC_NO_COMMON_BLOCKS = YES;
				GCC_OPTIMIZATION_LEVEL = 0;
				GCC_PREPROCESSOR_DEFINITIONS = (
					"DEBUG=1",
					"$(inherited)",
				);
				GCC_SYMBOLS_PRIVATE_EXTERN = NO;
				GCC_WARN_64_TO_32_BIT_CONVERSION = YES;
				GCC_WARN_ABOUT_RETURN_TYPE = YES_ERROR;
				GCC_WARN_UNDECLARED_SELECTOR = YES;
				GCC_WARN_UNINITIALIZED_AUTOS = YES_AGGRESSIVE;
				GCC_WARN_UNUSED_FUNCTION = YES;
				GCC_WARN_UNUSED_VARIABLE = YES;
				IPHONEOS_DEPLOYMENT_TARGET = 8.4;
				MTL_ENABLE_DEBUG_INFO = YES;
				ONLY_ACTIVE_ARCH = YES;
				SDKROOT = iphoneos;
			};
			name = Debug;
		};
		BCE4BF161BDF69BC0098DD26 /* Release */ = {
			isa = XCBuildConfiguration;
			buildSettings = {
				ALWAYS_SEARCH_USER_PATHS = NO;
				CLANG_CXX_LANGUAGE_STANDARD = "gnu++0x";
				CLANG_CXX_LIBRARY = "libc++";
				CLANG_ENABLE_MODULES = YES;
				CLANG_ENABLE_OBJC_ARC = YES;
				CLANG_WARN_BOOL_CONVERSION = YES;
				CLANG_WARN_CONSTANT_CONVERSION = YES;
				CLANG_WARN_DIRECT_OBJC_ISA_USAGE = YES_ERROR;
				CLANG_WARN_EMPTY_BODY = YES;
				CLANG_WARN_ENUM_CONVERSION = YES;
				CLANG_WARN_INT_CONVERSION = YES;
				CLANG_WARN_OBJC_ROOT_CLASS = YES_ERROR;
				CLANG_WARN_UNREACHABLE_CODE = YES;
				CLANG_WARN__DUPLICATE_METHOD_MATCH = YES;
				"CODE_SIGN_IDENTITY[sdk=iphoneos*]" = "iPhone Developer";
				COPY_PHASE_STRIP = NO;
				DEBUG_INFORMATION_FORMAT = "dwarf-with-dsym";
				ENABLE_NS_ASSERTIONS = NO;
				ENABLE_STRICT_OBJC_MSGSEND = YES;
				GCC_C_LANGUAGE_STANDARD = gnu99;
				GCC_NO_COMMON_BLOCKS = YES;
				GCC_WARN_64_TO_32_BIT_CONVERSION = YES;
				GCC_WARN_ABOUT_RETURN_TYPE = YES_ERROR;
				GCC_WARN_UNDECLARED_SELECTOR = YES;
				GCC_WARN_UNINITIALIZED_AUTOS = YES_AGGRESSIVE;
				GCC_WARN_UNUSED_FUNCTION = YES;
				GCC_WARN_UNUSED_VARIABLE = YES;
				IPHONEOS_DEPLOYMENT_TARGET = 8.4;
				MTL_ENABLE_DEBUG_INFO = NO;
				SDKROOT = iphoneos;
				VALIDATE_PRODUCT = YES;
			};
			name = Release;
		};
		BCE4BF181BDF69BC0098DD26 /* Debug */ = {
			isa = XCBuildConfiguration;
			buildSettings = {
				ASSETCATALOG_COMPILER_APPICON_NAME = AppIcon;
				GCC_PREFIX_HEADER = "$(SRCROOT)/CustomVideo/Helper/HelperPrefixHeader.pch";
				INFOPLIST_FILE = CustomVideo/Info.plist;
				LD_RUNPATH_SEARCH_PATHS = "$(inherited) @executable_path/Frameworks";
				PRODUCT_NAME = "$(TARGET_NAME)";
			};
			name = Debug;
		};
		BCE4BF191BDF69BC0098DD26 /* Release */ = {
			isa = XCBuildConfiguration;
			buildSettings = {
				ASSETCATALOG_COMPILER_APPICON_NAME = AppIcon;
				GCC_PREFIX_HEADER = "$(SRCROOT)/CustomVideo/Helper/HelperPrefixHeader.pch";
				INFOPLIST_FILE = CustomVideo/Info.plist;
				LD_RUNPATH_SEARCH_PATHS = "$(inherited) @executable_path/Frameworks";
				PRODUCT_NAME = "$(TARGET_NAME)";
			};
			name = Release;
		};
		BCE4BF1B1BDF69BC0098DD26 /* Debug */ = {
			isa = XCBuildConfiguration;
			buildSettings = {
				BUNDLE_LOADER = "$(TEST_HOST)";
				FRAMEWORK_SEARCH_PATHS = (
					"$(SDKROOT)/Developer/Library/Frameworks",
					"$(inherited)",
				);
				GCC_PREPROCESSOR_DEFINITIONS = (
					"DEBUG=1",
					"$(inherited)",
				);
				INFOPLIST_FILE = CustomVideoTests/Info.plist;
				LD_RUNPATH_SEARCH_PATHS = "$(inherited) @executable_path/Frameworks @loader_path/Frameworks";
				PRODUCT_NAME = "$(TARGET_NAME)";
				TEST_HOST = "$(BUILT_PRODUCTS_DIR)/CustomVideo.app/CustomVideo";
			};
			name = Debug;
		};
		BCE4BF1C1BDF69BC0098DD26 /* Release */ = {
			isa = XCBuildConfiguration;
			buildSettings = {
				BUNDLE_LOADER = "$(TEST_HOST)";
				FRAMEWORK_SEARCH_PATHS = (
					"$(SDKROOT)/Developer/Library/Frameworks",
					"$(inherited)",
				);
				INFOPLIST_FILE = CustomVideoTests/Info.plist;
				LD_RUNPATH_SEARCH_PATHS = "$(inherited) @executable_path/Frameworks @loader_path/Frameworks";
				PRODUCT_NAME = "$(TARGET_NAME)";
				TEST_HOST = "$(BUILT_PRODUCTS_DIR)/CustomVideo.app/CustomVideo";
			};
			name = Release;
		};
/* End XCBuildConfiguration section */

/* Begin XCConfigurationList section */
		BCE4BEF51BDF69BB0098DD26 /* Build configuration list for PBXProject "CustomVideo" */ = {
			isa = XCConfigurationList;
			buildConfigurations = (
				BCE4BF151BDF69BC0098DD26 /* Debug */,
				BCE4BF161BDF69BC0098DD26 /* Release */,
			);
			defaultConfigurationIsVisible = 0;
			defaultConfigurationName = Release;
		};
		BCE4BF171BDF69BC0098DD26 /* Build configuration list for PBXNativeTarget "CustomVideo" */ = {
			isa = XCConfigurationList;
			buildConfigurations = (
				BCE4BF181BDF69BC0098DD26 /* Debug */,
				BCE4BF191BDF69BC0098DD26 /* Release */,
			);
			defaultConfigurationIsVisible = 0;
			defaultConfigurationName = Release;
		};
		BCE4BF1A1BDF69BC0098DD26 /* Build configuration list for PBXNativeTarget "CustomVideoTests" */ = {
			isa = XCConfigurationList;
			buildConfigurations = (
				BCE4BF1B1BDF69BC0098DD26 /* Debug */,
				BCE4BF1C1BDF69BC0098DD26 /* Release */,
			);
			defaultConfigurationIsVisible = 0;
			defaultConfigurationName = Release;
		};
/* End XCConfigurationList section */
	};
	rootObject = BCE4BEF21BDF69BB0098DD26 /* Project object */;
}
